
Microsoft Visual Studio Solution File, Format Version 12.00
# Visual Studio Version 16
VisualStudioVersion = 16.0.31025.194
MinimumVisualStudioVersion = 10.0.40219.1
Project("{FAE04EC0-301F-11D3-BF4B-00C04F79EFBC}") = "MobileTest3.Android", "MobileTest3\MobileTest3.Android\MobileTest3.Android.csproj", "{57BD9AF6-118B-4219-8FFC-2264ABA86CB7}"
EndProject
Project("{FAE04EC0-301F-11D3-BF4B-00C04F79EFBC}") = "MobileTest3.iOS", "MobileTest3\MobileTest3.iOS\MobileTest3.iOS.csproj", "{4C270765-47F3-4A45-BC71-A410F3F54DC3}"
EndProject
Project("{FAE04EC0-301F-11D3-BF4B-00C04F79EFBC}") = "MobileTest3", "MobileTest3\MobileTest3\MobileTest3.csproj", "{3D470BCB-8B4E-4836-A7A1-A9344A684499}"
EndProject
Global
	GlobalSection(SolutionConfigurationPlatforms) = preSolution
		Debug|Any CPU = Debug|Any CPU
		Debug|iPhone = Debug|iPhone
		Debug|iPhoneSimulator = Debug|iPhoneSimulator
		Release|Any CPU = Release|Any CPU
		Release|iPhone = Release|iPhone
		Release|iPhoneSimulator = Release|iPhoneSimulator
	EndGlobalSection
	GlobalSection(ProjectConfigurationPlatforms) = postSolution
		{57BD9AF6-118B-4219-8FFC-2264ABA86CB7}.Debug|Any CPU.ActiveCfg = Debug|Any CPU
		{57BD9AF6-118B-4219-8FFC-2264ABA86CB7}.Debug|Any CPU.Build.0 = Debug|Any CPU
		{57BD9AF6-118B-4219-8FFC-2264ABA86CB7}.Debug|Any CPU.Deploy.0 = Debug|Any CPU
		{57BD9AF6-118B-4219-8FFC-2264ABA86CB7}.Debug|iPhone.ActiveCfg = Debug|Any CPU
		{57BD9AF6-118B-4219-8FFC-2264ABA86CB7}.Debug|iPhone.Build.0 = Debug|Any CPU
		{57BD9AF6-118B-4219-8FFC-2264ABA86CB7}.Debug|iPhone.Deploy.0 = Debug|Any CPU
		{57BD9AF6-118B-4219-8FFC-2264ABA86CB7}.Debug|iPhoneSimulator.ActiveCfg = Debug|Any CPU
		{57BD9AF6-118B-4219-8FFC-2264ABA86CB7}.Debug|iPhoneSimulator.Build.0 = Debug|Any CPU
		{57BD9AF6-118B-4219-8FFC-2264ABA86CB7}.Debug|iPhoneSimulator.Deploy.0 = Debug|Any CPU
		{57BD9AF6-118B-4219-8FFC-2264ABA86CB7}.Release|Any CPU.ActiveCfg = Release|Any CPU
		{57BD9AF6-118B-4219-8FFC-2264ABA86CB7}.Release|Any CPU.Build.0 = Release|Any CPU
		{57BD9AF6-118B-4219-8FFC-2264ABA86CB7}.Release|Any CPU.Deploy.0 = Release|Any CPU
		{57BD9AF6-118B-4219-8FFC-2264ABA86CB7}.Release|iPhone.ActiveCfg = Release|Any CPU
		{57BD9AF6-118B-4219-8FFC-2264ABA86CB7}.Release|iPhone.Build.0 = Release|Any CPU
		{57BD9AF6-118B-4219-8FFC-2264ABA86CB7}.Release|iPhone.Deploy.0 = Release|Any CPU
		{57BD9AF6-118B-4219-8FFC-2264ABA86CB7}.Release|iPhoneSimulator.ActiveCfg = Release|Any CPU
		{57BD9AF6-118B-4219-8FFC-2264ABA86CB7}.Release|iPhoneSimulator.Build.0 = Release|Any CPU
		{57BD9AF6-118B-4219-8FFC-2264ABA86CB7}.Release|iPhoneSimulator.Deploy.0 = Release|Any CPU
		{4C270765-47F3-4A45-BC71-A410F3F54DC3}.Debug|Any CPU.ActiveCfg = Debug|iPhone
		{4C270765-47F3-4A45-BC71-A410F3F54DC3}.Debug|Any CPU.Build.0 = Debug|iPhone
		{4C270765-47F3-4A45-BC71-A410F3F54DC3}.Debug|Any CPU.Deploy.0 = Debug|iPhone
		{4C270765-47F3-4A45-BC71-A410F3F54DC3}.Debug|iPhone.ActiveCfg = Debug|iPhone
		{4C270765-47F3-4A45-BC71-A410F3F54DC3}.Debug|iPhone.Build.0 = Debug|iPhone
		{4C270765-47F3-4A45-BC71-A410F3F54DC3}.Debug|iPhone.Deploy.0 = Debug|iPhone
		{4C270765-47F3-4A45-BC71-A410F3F54DC3}.Debug|iPhoneSimulator.ActiveCfg = Debug|iPhoneSimulator
		{4C270765-47F3-4A45-BC71-A410F3F54DC3}.Debug|iPhoneSimulator.Build.0 = Debug|iPhoneSimulator
		{4C270765-47F3-4A45-BC71-A410F3F54DC3}.Debug|iPhoneSimulator.Deploy.0 = Debug|iPhoneSimulator
		{4C270765-47F3-4A45-BC71-A410F3F54DC3}.Release|Any CPU.ActiveCfg = Release|iPhoneSimulator
		{4C270765-47F3-4A45-BC71-A410F3F54DC3}.Release|Any CPU.Build.0 = Release|iPhoneSimulator
		{4C270765-47F3-4A45-BC71-A410F3F54DC3}.Release|Any CPU.Deploy.0 = Release|iPhoneSimulator
		{4C270765-47F3-4A45-BC71-A410F3F54DC3}.Release|iPhone.ActiveCfg = Release|iPhone
		{4C270765-47F3-4A45-BC71-A410F3F54DC3}.Release|iPhone.Build.0 = Release|iPhone
		{4C270765-47F3-4A45-BC71-A410F3F54DC3}.Release|iPhone.Deploy.0 = Release|iPhone
		{4C270765-47F3-4A45-BC71-A410F3F54DC3}.Release|iPhoneSimulator.ActiveCfg = Release|iPhoneSimulator
		{4C270765-47F3-4A45-BC71-A410F3F54DC3}.Release|iPhoneSimulator.Build.0 = Release|iPhoneSimulator
		{4C270765-47F3-4A45-BC71-A410F3F54DC3}.Release|iPhoneSimulator.Deploy.0 = Release|iPhoneSimulator
		{3D470BCB-8B4E-4836-A7A1-A9344A684499}.Debug|Any CPU.ActiveCfg = Debug|Any CPU
		{3D470BCB-8B4E-4836-A7A1-A9344A684499}.Debug|Any CPU.Build.0 = Debug|Any CPU
		{3D470BCB-8B4E-4836-A7A1-A9344A684499}.Debug|Any CPU.Deploy.0 = Debug|Any CPU
		{3D470BCB-8B4E-4836-A7A1-A9344A684499}.Debug|iPhone.ActiveCfg = Debug|Any CPU
		{3D470BCB-8B4E-4836-A7A1-A9344A684499}.Debug|iPhone.Build.0 = Debug|Any CPU
		{3D470BCB-8B4E-4836-A7A1-A9344A684499}.Debug|iPhone.Deploy.0 = Debug|Any CPU
		{3D470BCB-8B4E-4836-A7A1-A9344A684499}.Debug|iPhoneSimulator.ActiveCfg = Debug|Any CPU
		{3D470BCB-8B4E-4836-A7A1-A9344A684499}.Debug|iPhoneSimulator.Build.0 = Debug|Any CPU
		{3D470BCB-8B4E-4836-A7A1-A9344A684499}.Debug|iPhoneSimulator.Deploy.0 = Debug|Any CPU
		{3D470BCB-8B4E-4836-A7A1-A9344A684499}.Release|Any CPU.ActiveCfg = Release|Any CPU
		{3D470BCB-8B4E-4836-A7A1-A9344A684499}.Release|Any CPU.Build.0 = Release|Any CPU
		{3D470BCB-8B4E-4836-A7A1-A9344A684499}.Release|Any CPU.Deploy.0 = Release|Any CPU
		{3D470BCB-8B4E-4836-A7A1-A9344A684499}.Release|iPhone.ActiveCfg = Release|Any CPU
		{3D470BCB-8B4E-4836-A7A1-A9344A684499}.Release|iPhone.Build.0 = Release|Any CPU
		{3D470BCB-8B4E-4836-A7A1-A9344A684499}.Release|iPhone.Deploy.0 = Release|Any CPU
		{3D470BCB-8B4E-4836-A7A1-A9344A684499}.Release|iPhoneSimulator.ActiveCfg = Release|Any CPU
		{3D470BCB-8B4E-4836-A7A1-A9344A684499}.Release|iPhoneSimulator.Build.0 = Release|Any CPU
		{3D470BCB-8B4E-4836-A7A1-A9344A684499}.Release|iPhoneSimulator.Deploy.0 = Release|Any CPU
	EndGlobalSection
	GlobalSection(SolutionProperties) = preSolution
		HideSolutionNode = FALSE
	EndGlobalSection
	GlobalSection(ExtensibilityGlobals) = postSolution
		SolutionGuid = {729BCBF2-DB5F-407C-AC81-CC91FEE32075}
	EndGlobalSection
EndGlobal
